{
  "pins" : [
    {
      "identity" : "comscore-swift-package-manager",
      "kind" : "remoteSourceControl",
      "location" : "https://github.com/comScore/Comscore-Swift-Package-Manager",
      "state" : {
        "revision" : "fef761279a592960243e67f2aea110c6fa097fd8",
        "version" : "6.11.0"
      }
    }
  ],
  "version" : 2
}
