{
  "object": {
    "pins": [
      {
        "package": "ComScore",
        "repositoryURL": "https://github.com/comScore/Comscore-Swift-Package-Manager",
        "state": {
          "branch": null,
          "revision": "22e188345550b0870dfa0e98b4fb606f92916cf7",
          "version": "6.7.1"
        }
      }
    ]
  },
  "version": 1
}
